
Microsoft Visual Studio Solution File, Format Version 12.00
# Visual Studio Version 16
VisualStudioVersion = 16.0.30717.126
MinimumVisualStudioVersion = 10.0.40219.1
Project("{FAE04EC0-301F-11D3-BF4B-00C04F79EFBC}") = "QuanLySinhVien", "QuanLySinhVien\QuanLySinhVien.csproj", "{47218549-A8D9-4815-B248-EA1DBA8444D7}"
EndProject
Global
	GlobalSection(SolutionConfigurationPlatforms) = preSolution
		Debug|Any CPU = Debug|Any CPU
		Release|Any CPU = Release|Any CPU
	EndGlobalSection
	GlobalSection(ProjectConfigurationPlatforms) = postSolution
		{47218549-A8D9-4815-B248-EA1DBA8444D7}.Debug|Any CPU.ActiveCfg = Debug|Any CPU
		{47218549-A8D9-4815-B248-EA1DBA8444D7}.Debug|Any CPU.Build.0 = Debug|Any CPU
		{47218549-A8D9-4815-B248-EA1DBA8444D7}.Release|Any CPU.ActiveCfg = Release|Any CPU
		{47218549-A8D9-4815-B248-EA1DBA8444D7}.Release|Any CPU.Build.0 = Release|Any CPU
	EndGlobalSection
	GlobalSection(SolutionProperties) = preSolution
		HideSolutionNode = FALSE
	EndGlobalSection
	GlobalSection(ExtensibilityGlobals) = postSolution
		SolutionGuid = {4C4A57A9-DBC7-4B3B-A8FC-BAFFCA4B1A3A}
	EndGlobalSection
EndGlobal
